// !$*UTF8*$!
{
	archiveVersion = 1;
	classes = {
	};
	objectVersion = 51;
	objects = {

/* Begin PBXBuildFile section */
		84A4E1BE25D4FACA0041DE96 /* AppDelegate.swift in Sources */ = {isa = PBXBuildFile; fileRef = 84A4E1BD25D4FACA0041DE96 /* AppDelegate.swift */; };
		84A4E1C025D4FACA0041DE96 /* SceneDelegate.swift in Sources */ = {isa = PBXBuildFile; fileRef = 84A4E1BF25D4FACA0041DE96 /* SceneDelegate.swift */; };
		84A4E1C725D4FAD90041DE96 /* Assets.xcassets in Resources */ = {isa = PBXBuildFile; fileRef = 84A4E1C625D4FAD90041DE96 /* Assets.xcassets */; };
		84A4E1CA25D4FAD90041DE96 /* LaunchScreen.storyboard in Resources */ = {isa = PBXBuildFile; fileRef = 84A4E1C825D4FAD90041DE96 /* LaunchScreen.storyboard */; };
		84A4E1DA25D53A720041DE96 /* LogIn.storyboard in Resources */ = {isa = PBXBuildFile; fileRef = 84A4E1D925D53A720041DE96 /* LogIn.storyboard */; };
		84A4E1DE25D5446F0041DE96 /* Registration.storyboard in Resources */ = {isa = PBXBuildFile; fileRef = 84A4E1DD25D5446F0041DE96 /* Registration.storyboard */; };
		E7D2045AD92866E6D9CE982C /* Pods_SideKick.framework in Frameworks */ = {isa = PBXBuildFile; fileRef = DDC2FCA015F9089C86BAFD85 /* Pods_SideKick.framework */; };
/* End PBXBuildFile section */

/* Begin PBXFileReference section */
		84A4E1BA25D4FACA0041DE96 /* SideKick.app */ = {isa = PBXFileReference; explicitFileType = wrapper.application; includeInIndex = 0; path = SideKick.app; sourceTree = BUILT_PRODUCTS_DIR; };
		84A4E1BD25D4FACA0041DE96 /* AppDelegate.swift */ = {isa = PBXFileReference; lastKnownFileType = sourcecode.swift; path = AppDelegate.swift; sourceTree = "<group>"; };
		84A4E1BF25D4FACA0041DE96 /* SceneDelegate.swift */ = {isa = PBXFileReference; lastKnownFileType = sourcecode.swift; path = SceneDelegate.swift; sourceTree = "<group>"; };
		84A4E1C625D4FAD90041DE96 /* Assets.xcassets */ = {isa = PBXFileReference; lastKnownFileType = folder.assetcatalog; path = Assets.xcassets; sourceTree = "<group>"; };
		84A4E1C925D4FAD90041DE96 /* Base */ = {isa = PBXFileReference; lastKnownFileType = file.storyboard; name = Base; path = Base.lproj/LaunchScreen.storyboard; sourceTree = "<group>"; };
		84A4E1CB25D4FAD90041DE96 /* Info.plist */ = {isa = PBXFileReference; lastKnownFileType = text.plist.xml; path = Info.plist; sourceTree = "<group>"; };
		84A4E1D325D512050041DE96 /* Montserrat-Bold.ttf */ = {isa = PBXFileReference; lastKnownFileType = file; name = "Montserrat-Bold.ttf"; path = "../../../../../../../Downloads/Montserrat (1)/Montserrat-Bold.ttf"; sourceTree = "<group>"; };
		84A4E1D425D512050041DE96 /* Montserrat-SemiBold.ttf */ = {isa = PBXFileReference; lastKnownFileType = file; name = "Montserrat-SemiBold.ttf"; path = "../../../../../../../Downloads/Montserrat (1)/Montserrat-SemiBold.ttf"; sourceTree = "<group>"; };
		84A4E1D925D53A720041DE96 /* LogIn.storyboard */ = {isa = PBXFileReference; lastKnownFileType = file.storyboard; path = LogIn.storyboard; sourceTree = "<group>"; };
		84A4E1DD25D5446F0041DE96 /* Registration.storyboard */ = {isa = PBXFileReference; lastKnownFileType = file.storyboard; path = Registration.storyboard; sourceTree = "<group>"; };
		B9B6FB9450FF266DA74831CA /* Pods-SideKick.release.xcconfig */ = {isa = PBXFileReference; includeInIndex = 1; lastKnownFileType = text.xcconfig; name = "Pods-SideKick.release.xcconfig"; path = "Target Support Files/Pods-SideKick/Pods-SideKick.release.xcconfig"; sourceTree = "<group>"; };
		BE8F34874A756DA036CFA1F3 /* Pods-SideKick.debug.xcconfig */ = {isa = PBXFileReference; includeInIndex = 1; lastKnownFileType = text.xcconfig; name = "Pods-SideKick.debug.xcconfig"; path = "Target Support Files/Pods-SideKick/Pods-SideKick.debug.xcconfig"; sourceTree = "<group>"; };
		DDC2FCA015F9089C86BAFD85 /* Pods_SideKick.framework */ = {isa = PBXFileReference; explicitFileType = wrapper.framework; includeInIndex = 0; path = Pods_SideKick.framework; sourceTree = BUILT_PRODUCTS_DIR; };
/* End PBXFileReference section */

/* Begin PBXFrameworksBuildPhase section */
		84A4E1B725D4FACA0041DE96 /* Frameworks */ = {
			isa = PBXFrameworksBuildPhase;
			buildActionMask = 2147483647;
			files = (
				E7D2045AD92866E6D9CE982C /* Pods_SideKick.framework in Frameworks */,
			);
			runOnlyForDeploymentPostprocessing = 0;
		};
/* End PBXFrameworksBuildPhase section */

/* Begin PBXGroup section */
		050E060BD91F8ED3CFBCF9EC /* Pods */ = {
			isa = PBXGroup;
			children = (
				BE8F34874A756DA036CFA1F3 /* Pods-SideKick.debug.xcconfig */,
				B9B6FB9450FF266DA74831CA /* Pods-SideKick.release.xcconfig */,
			);
			path = Pods;
			sourceTree = "<group>";
		};
		16F06DA03D7E6E7E510174E6 /* Frameworks */ = {
			isa = PBXGroup;
			children = (
				DDC2FCA015F9089C86BAFD85 /* Pods_SideKick.framework */,
			);
			name = Frameworks;
			sourceTree = "<group>";
		};
		84A4E1B125D4FACA0041DE96 = {
			isa = PBXGroup;
			children = (
				84A4E1BC25D4FACA0041DE96 /* SideKick */,
				84A4E1BB25D4FACA0041DE96 /* Products */,
				050E060BD91F8ED3CFBCF9EC /* Pods */,
				16F06DA03D7E6E7E510174E6 /* Frameworks */,
			);
			sourceTree = "<group>";
		};
		84A4E1BB25D4FACA0041DE96 /* Products */ = {
			isa = PBXGroup;
			children = (
				84A4E1BA25D4FACA0041DE96 /* SideKick.app */,
			);
			name = Products;
			sourceTree = "<group>";
		};
		84A4E1BC25D4FACA0041DE96 /* SideKick */ = {
			isa = PBXGroup;
			children = (
				84A4E1DB25D5442B0041DE96 /* Registration */,
				84A4E1D525D538EE0041DE96 /* LogIn */,
				84A4E1D225D511B80041DE96 /* Font */,
				84A4E1D125D511950041DE96 /* Delegate */,
				84A4E1C625D4FAD90041DE96 /* Assets.xcassets */,
				84A4E1C825D4FAD90041DE96 /* LaunchScreen.storyboard */,
				84A4E1CB25D4FAD90041DE96 /* Info.plist */,
			);
			path = SideKick;
			sourceTree = "<group>";
		};
		84A4E1D125D511950041DE96 /* Delegate */ = {
			isa = PBXGroup;
			children = (
				84A4E1BD25D4FACA0041DE96 /* AppDelegate.swift */,
				84A4E1BF25D4FACA0041DE96 /* SceneDelegate.swift */,
			);
			path = Delegate;
			sourceTree = "<group>";
		};
		84A4E1D225D511B80041DE96 /* Font */ = {
			isa = PBXGroup;
			children = (
				84A4E1D325D512050041DE96 /* Montserrat-Bold.ttf */,
				84A4E1D425D512050041DE96 /* Montserrat-SemiBold.ttf */,
			);
			path = Font;
			sourceTree = "<group>";
		};
		84A4E1D525D538EE0041DE96 /* LogIn */ = {
			isa = PBXGroup;
			children = (
				84A4E1D625D539BB0041DE96 /* LogIn Storyboard */,
			);
			path = LogIn;
			sourceTree = "<group>";
		};
		84A4E1D625D539BB0041DE96 /* LogIn Storyboard */ = {
			isa = PBXGroup;
			children = (
				84A4E1D925D53A720041DE96 /* LogIn.storyboard */,
			);
			path = "LogIn Storyboard";
			sourceTree = "<group>";
		};
		84A4E1DB25D5442B0041DE96 /* Registration */ = {
			isa = PBXGroup;
			children = (
				84A4E1DC25D5443C0041DE96 /* Registration Storyboard */,
			);
			path = Registration;
			sourceTree = "<group>";
		};
		84A4E1DC25D5443C0041DE96 /* Registration Storyboard */ = {
			isa = PBXGroup;
			children = (
				84A4E1DD25D5446F0041DE96 /* Registration.storyboard */,
			);
			path = "Registration Storyboard";
			sourceTree = "<group>";
		};
/* End PBXGroup section */

/* Begin PBXNativeTarget section */
		84A4E1B925D4FACA0041DE96 /* SideKick */ = {
			isa = PBXNativeTarget;
			buildConfigurationList = 84A4E1CE25D4FAD90041DE96 /* Build configuration list for PBXNativeTarget "SideKick" */;
			buildPhases = (
				F301DF736B9A617BFFE133FF /* [CP] Check Pods Manifest.lock */,
				84A4E1B625D4FACA0041DE96 /* Sources */,
				84A4E1B725D4FACA0041DE96 /* Frameworks */,
				84A4E1B825D4FACA0041DE96 /* Resources */,
				616A4E9FA6E942F388A46399 /* [CP] Embed Pods Frameworks */,
			);
			buildRules = (
			);
			dependencies = (
			);
			name = SideKick;
			productName = SideKick;
			productReference = 84A4E1BA25D4FACA0041DE96 /* SideKick.app */;
			productType = "com.apple.product-type.application";
		};
/* End PBXNativeTarget section */

/* Begin PBXProject section */
		84A4E1B225D4FACA0041DE96 /* Project object */ = {
			isa = PBXProject;
			attributes = {
				LastSwiftUpdateCheck = 1170;
				LastUpgradeCheck = 1170;
				ORGANIZATIONNAME = "Debjit Jana";
				TargetAttributes = {
					84A4E1B925D4FACA0041DE96 = {
						CreatedOnToolsVersion = 11.7;
					};
				};
			};
			buildConfigurationList = 84A4E1B525D4FACA0041DE96 /* Build configuration list for PBXProject "SideKick" */;
			compatibilityVersion = "Xcode 9.3";
			developmentRegion = en;
			hasScannedForEncodings = 0;
			knownRegions = (
				en,
				Base,
			);
			mainGroup = 84A4E1B125D4FACA0041DE96;
			productRefGroup = 84A4E1BB25D4FACA0041DE96 /* Products */;
			projectDirPath = "";
			projectRoot = "";
			targets = (
				84A4E1B925D4FACA0041DE96 /* SideKick */,
			);
		};
/* End PBXProject section */

/* Begin PBXResourcesBuildPhase section */
		84A4E1B825D4FACA0041DE96 /* Resources */ = {
			isa = PBXResourcesBuildPhase;
			buildActionMask = 2147483647;
			files = (
				84A4E1CA25D4FAD90041DE96 /* LaunchScreen.storyboard in Resources */,
				84A4E1DE25D5446F0041DE96 /* Registration.storyboard in Resources */,
				84A4E1DA25D53A720041DE96 /* LogIn.storyboard in Resources */,
				84A4E1C725D4FAD90041DE96 /* Assets.xcassets in Resources */,
			);
			runOnlyForDeploymentPostprocessing = 0;
		};
/* End PBXResourcesBuildPhase section */

/* Begin PBXShellScriptBuildPhase section */
		616A4E9FA6E942F388A46399 /* [CP] Embed Pods Frameworks */ = {
			isa = PBXShellScriptBuildPhase;
			buildActionMask = 2147483647;
			files = (
			);
			inputFileListPaths = (
				"${PODS_ROOT}/Target Support Files/Pods-SideKick/Pods-SideKick-frameworks-${CONFIGURATION}-input-files.xcfilelist",
			);
			name = "[CP] Embed Pods Frameworks";
			outputFileListPaths = (
				"${PODS_ROOT}/Target Support Files/Pods-SideKick/Pods-SideKick-frameworks-${CONFIGURATION}-output-files.xcfilelist",
			);
			runOnlyForDeploymentPostprocessing = 0;
			shellPath = /bin/sh;
			shellScript = "\"${PODS_ROOT}/Target Support Files/Pods-SideKick/Pods-SideKick-frameworks.sh\"\n";
			showEnvVarsInLog = 0;
		};
		F301DF736B9A617BFFE133FF /* [CP] Check Pods Manifest.lock */ = {
			isa = PBXShellScriptBuildPhase;
			buildActionMask = 2147483647;
			files = (
			);
			inputFileListPaths = (
			);
			inputPaths = (
				"${PODS_PODFILE_DIR_PATH}/Podfile.lock",
				"${PODS_ROOT}/Manifest.lock",
			);
			name = "[CP] Check Pods Manifest.lock";
			outputFileListPaths = (
			);
			outputPaths = (
				"$(DERIVED_FILE_DIR)/Pods-SideKick-checkManifestLockResult.txt",
			);
			runOnlyForDeploymentPostprocessing = 0;
			shellPath = /bin/sh;
			shellScript = "diff \"${PODS_PODFILE_DIR_PATH}/Podfile.lock\" \"${PODS_ROOT}/Manifest.lock\" > /dev/null\nif [ $? != 0 ] ; then\n    # print error to STDERR\n    echo \"error: The sandbox is not in sync with the Podfile.lock. Run 'pod install' or update your CocoaPods installation.\" >&2\n    exit 1\nfi\n# This output is used by Xcode 'outputs' to avoid re-running this script phase.\necho \"SUCCESS\" > \"${SCRIPT_OUTPUT_FILE_0}\"\n";
			showEnvVarsInLog = 0;
		};
/* End PBXShellScriptBuildPhase section */

/* Begin PBXSourcesBuildPhase section */
		84A4E1B625D4FACA0041DE96 /* Sources */ = {
			isa = PBXSourcesBuildPhase;
			buildActionMask = 2147483647;
			files = (
				84A4E1BE25D4FACA0041DE96 /* AppDelegate.swift in Sources */,
				84A4E1C025D4FACA0041DE96 /* SceneDelegate.swift in Sources */,
			);
			runOnlyForDeploymentPostprocessing = 0;
		};
/* End PBXSourcesBuildPhase section */

/* Begin PBXVariantGroup section */
		84A4E1C825D4FAD90041DE96 /* LaunchScreen.storyboard */ = {
			isa = PBXVariantGroup;
			children = (
				84A4E1C925D4FAD90041DE96 /* Base */,
			);
			name = LaunchScreen.storyboard;
			sourceTree = "<group>";
		};
/* End PBXVariantGroup section */

/* Begin XCBuildConfiguration section */
		84A4E1CC25D4FAD90041DE96 /* Debug */ = {
			isa = XCBuildConfiguration;
			buildSettings = {
				ALWAYS_SEARCH_USER_PATHS = NO;
				CLANG_ANALYZER_NONNULL = YES;
				CLANG_ANALYZER_NUMBER_OBJECT_CONVERSION = YES_AGGRESSIVE;
				CLANG_CXX_LANGUAGE_STANDARD = "gnu++14";
				CLANG_CXX_LIBRARY = "libc++";
				CLANG_ENABLE_MODULES = YES;
				CLANG_ENABLE_OBJC_ARC = YES;
				CLANG_ENABLE_OBJC_WEAK = YES;
				CLANG_WARN_BLOCK_CAPTURE_AUTORELEASING = YES;
				CLANG_WARN_BOOL_CONVERSION = YES;
				CLANG_WARN_COMMA = YES;
				CLANG_WARN_CONSTANT_CONVERSION = YES;
				CLANG_WARN_DEPRECATED_OBJC_IMPLEMENTATIONS = YES;
				CLANG_WARN_DIRECT_OBJC_ISA_USAGE = YES_ERROR;
				CLANG_WARN_DOCUMENTATION_COMMENTS = YES;
				CLANG_WARN_EMPTY_BODY = YES;
				CLANG_WARN_ENUM_CONVERSION = YES;
				CLANG_WARN_INFINITE_RECURSION = YES;
				CLANG_WARN_INT_CONVERSION = YES;
				CLANG_WARN_NON_LITERAL_NULL_CONVERSION = YES;
				CLANG_WARN_OBJC_IMPLICIT_RETAIN_SELF = YES;
				CLANG_WARN_OBJC_LITERAL_CONVERSION = YES;
				CLANG_WARN_OBJC_ROOT_CLASS = YES_ERROR;
				CLANG_WARN_RANGE_LOOP_ANALYSIS = YES;
				CLANG_WARN_STRICT_PROTOTYPES = YES;
				CLANG_WARN_SUSPICIOUS_MOVE = YES;
				CLANG_WARN_UNGUARDED_AVAILABILITY = YES_AGGRESSIVE;
				CLANG_WARN_UNREACHABLE_CODE = YES;
				CLANG_WARN__DUPLICATE_METHOD_MATCH = YES;
				COPY_PHASE_STRIP = NO;
				DEBUG_INFORMATION_FORMAT = dwarf;
				ENABLE_STRICT_OBJC_MSGSEND = YES;
				ENABLE_TESTABILITY = YES;
				GCC_C_LANGUAGE_STANDARD = gnu11;
				GCC_DYNAMIC_NO_PIC = NO;
				GCC_NO_COMMON_BLOCKS = YES;
				GCC_OPTIMIZATION_LEVEL = 0;
				GCC_PREPROCESSOR_DEFINITIONS = (
					"DEBUG=1",
					"$(inherited)",
				);
				GCC_WARN_64_TO_32_BIT_CONVERSION = YES;
				GCC_WARN_ABOUT_RETURN_TYPE = YES_ERROR;
				GCC_WARN_UNDECLARED_SELECTOR = YES;
				GCC_WARN_UNINITIALIZED_AUTOS = YES_AGGRESSIVE;
				GCC_WARN_UNUSED_FUNCTION = YES;
				GCC_WARN_UNUSED_VARIABLE = YES;
				IPHONEOS_DEPLOYMENT_TARGET = 13.7;
				MTL_ENABLE_DEBUG_INFO = INCLUDE_SOURCE;
				MTL_FAST_MATH = YES;
				ONLY_ACTIVE_ARCH = YES;
				SDKROOT = iphoneos;
				SWIFT_ACTIVE_COMPILATION_CONDITIONS = DEBUG;
				SWIFT_OPTIMIZATION_LEVEL = "-Onone";
			};
			name = Debug;
		};
		84A4E1CD25D4FAD90041DE96 /* Release */ = {
			isa = XCBuildConfiguration;
			buildSettings = {
				ALWAYS_SEARCH_USER_PATHS = NO;
				CLANG_ANALYZER_NONNULL = YES;
				CLANG_ANALYZER_NUMBER_OBJECT_CONVERSION = YES_AGGRESSIVE;
				CLANG_CXX_LANGUAGE_STANDARD = "gnu++14";
				CLANG_CXX_LIBRARY = "libc++";
				CLANG_ENABLE_MODULES = YES;
				CLANG_ENABLE_OBJC_ARC = YES;
				CLANG_ENABLE_OBJC_WEAK = YES;
				CLANG_WARN_BLOCK_CAPTURE_AUTORELEASING = YES;
				CLANG_WARN_BOOL_CONVERSION = YES;
				CLANG_WARN_COMMA = YES;
				CLANG_WARN_CONSTANT_CONVERSION = YES;
				CLANG_WARN_DEPRECATED_OBJC_IMPLEMENTATIONS = YES;
				CLANG_WARN_DIRECT_OBJC_ISA_USAGE = YES_ERROR;
				CLANG_WARN_DOCUMENTATION_COMMENTS = YES;
				CLANG_WARN_EMPTY_BODY = YES;
				CLANG_WARN_ENUM_CONVERSION = YES;
				CLANG_WARN_INFINITE_RECURSION = YES;
				CLANG_WARN_INT_CONVERSION = YES;
				CLANG_WARN_NON_LITERAL_NULL_CONVERSION = YES;
				CLANG_WARN_OBJC_IMPLICIT_RETAIN_SELF = YES;
				CLANG_WARN_OBJC_LITERAL_CONVERSION = YES;
				CLANG_WARN_OBJC_ROOT_CLASS = YES_ERROR;
				CLANG_WARN_RANGE_LOOP_ANALYSIS = YES;
				CLANG_WARN_STRICT_PROTOTYPES = YES;
				CLANG_WARN_SUSPICIOUS_MOVE = YES;
				CLANG_WARN_UNGUARDED_AVAILABILITY = YES_AGGRESSIVE;
				CLANG_WARN_UNREACHABLE_CODE = YES;
				CLANG_WARN__DUPLICATE_METHOD_MATCH = YES;
				COPY_PHASE_STRIP = NO;
				DEBUG_INFORMATION_FORMAT = "dwarf-with-dsym";
				ENABLE_NS_ASSERTIONS = NO;
				ENABLE_STRICT_OBJC_MSGSEND = YES;
				GCC_C_LANGUAGE_STANDARD = gnu11;
				GCC_NO_COMMON_BLOCKS = YES;
				GCC_WARN_64_TO_32_BIT_CONVERSION = YES;
				GCC_WARN_ABOUT_RETURN_TYPE = YES_ERROR;
				GCC_WARN_UNDECLARED_SELECTOR = YES;
				GCC_WARN_UNINITIALIZED_AUTOS = YES_AGGRESSIVE;
				GCC_WARN_UNUSED_FUNCTION = YES;
				GCC_WARN_UNUSED_VARIABLE = YES;
				IPHONEOS_DEPLOYMENT_TARGET = 13.7;
				MTL_ENABLE_DEBUG_INFO = NO;
				MTL_FAST_MATH = YES;
				SDKROOT = iphoneos;
				SWIFT_COMPILATION_MODE = wholemodule;
				SWIFT_OPTIMIZATION_LEVEL = "-O";
				VALIDATE_PRODUCT = YES;
			};
			name = Release;
		};
		84A4E1CF25D4FAD90041DE96 /* Debug */ = {
			isa = XCBuildConfiguration;
			baseConfigurationReference = BE8F34874A756DA036CFA1F3 /* Pods-SideKick.debug.xcconfig */;
			buildSettings = {
				ASSETCATALOG_COMPILER_APPICON_NAME = AppIcon;
				CODE_SIGN_STYLE = Automatic;
				DEVELOPMENT_TEAM = HA76W382R2;
				INFOPLIST_FILE = SideKick/Info.plist;
				LD_RUNPATH_SEARCH_PATHS = (
					"$(inherited)",
					"@executable_path/Frameworks",
				);
				PRODUCT_BUNDLE_IDENTIFIER = micronix.SideKick;
				PRODUCT_NAME = "$(TARGET_NAME)";
				SWIFT_VERSION = 5.0;
				TARGETED_DEVICE_FAMILY = 1;
			};
			name = Debug;
		};
		84A4E1D025D4FAD90041DE96 /* Release */ = {
			isa = XCBuildConfiguration;
			baseConfigurationReference = B9B6FB9450FF266DA74831CA /* Pods-SideKick.release.xcconfig */;
			buildSettings = {
				ASSETCATALOG_COMPILER_APPICON_NAME = AppIcon;
				CODE_SIGN_STYLE = Automatic;
				DEVELOPMENT_TEAM = HA76W382R2;
				INFOPLIST_FILE = SideKick/Info.plist;
				LD_RUNPATH_SEARCH_PATHS = (
					"$(inherited)",
					"@executable_path/Frameworks",
				);
				PRODUCT_BUNDLE_IDENTIFIER = micronix.SideKick;
				PRODUCT_NAME = "$(TARGET_NAME)";
				SWIFT_VERSION = 5.0;
				TARGETED_DEVICE_FAMILY = 1;
			};
			name = Release;
		};
/* End XCBuildConfiguration section */

/* Begin XCConfigurationList section */
		84A4E1B525D4FACA0041DE96 /* Build configuration list for PBXProject "SideKick" */ = {
			isa = XCConfigurationList;
			buildConfigurations = (
				84A4E1CC25D4FAD90041DE96 /* Debug */,
				84A4E1CD25D4FAD90041DE96 /* Release */,
			);
			defaultConfigurationIsVisible = 0;
			defaultConfigurationName = Release;
		};
		84A4E1CE25D4FAD90041DE96 /* Build configuration list for PBXNativeTarget "SideKick" */ = {
			isa = XCConfigurationList;
			buildConfigurations = (
				84A4E1CF25D4FAD90041DE96 /* Debug */,
				84A4E1D025D4FAD90041DE96 /* Release */,
			);
			defaultConfigurationIsVisible = 0;
			defaultConfigurationName = Release;
		};
/* End XCConfigurationList section */
	};
	rootObject = 84A4E1B225D4FACA0041DE96 /* Project object */;
}
